
Microsoft Visual Studio Solution File, Format Version 12.00
# Visual Studio 15
VisualStudioVersion = 15.0.28010.2050
MinimumVisualStudioVersion = 10.0.40219.1
Project("{FAE04EC0-301F-11D3-BF4B-00C04F79EFBC}") = "1714Amorgan3B1", "1714Amorgan3B1\1714Amorgan3B1.csproj", "{0292899D-4A89-4C92-8B12-68BE48FF5532}"
EndProject
Global
	GlobalSection(SolutionConfigurationPlatforms) = preSolution
		Debug|Any CPU = Debug|Any CPU
		Release|Any CPU = Release|Any CPU
	EndGlobalSection
	GlobalSection(ProjectConfigurationPlatforms) = postSolution
		{0292899D-4A89-4C92-8B12-68BE48FF5532}.Debug|Any CPU.ActiveCfg = Debug|Any CPU
		{0292899D-4A89-4C92-8B12-68BE48FF5532}.Debug|Any CPU.Build.0 = Debug|Any CPU
		{0292899D-4A89-4C92-8B12-68BE48FF5532}.Release|Any CPU.ActiveCfg = Release|Any CPU
		{0292899D-4A89-4C92-8B12-68BE48FF5532}.Release|Any CPU.Build.0 = Release|Any CPU
	EndGlobalSection
	GlobalSection(SolutionProperties) = preSolution
		HideSolutionNode = FALSE
	EndGlobalSection
	GlobalSection(ExtensibilityGlobals) = postSolution
		SolutionGuid = {4B035A58-73AA-4928-8892-425506A201C2}
	EndGlobalSection
EndGlobal
