
Microsoft Visual Studio Solution File, Format Version 12.00
# Visual Studio 15
VisualStudioVersion = 15.0.28010.2050
MinimumVisualStudioVersion = 10.0.40219.1
Project("{FAE04EC0-301F-11D3-BF4B-00C04F79EFBC}") = "1714Amorgan2G1", "1714Amorgan2G1.csproj", "{208F718E-63B3-45E4-AD99-3F6EF6C66850}"
EndProject
Global
	GlobalSection(SolutionConfigurationPlatforms) = preSolution
		Debug|Any CPU = Debug|Any CPU
		Release|Any CPU = Release|Any CPU
	EndGlobalSection
	GlobalSection(ProjectConfigurationPlatforms) = postSolution
		{208F718E-63B3-45E4-AD99-3F6EF6C66850}.Debug|Any CPU.ActiveCfg = Debug|Any CPU
		{208F718E-63B3-45E4-AD99-3F6EF6C66850}.Debug|Any CPU.Build.0 = Debug|Any CPU
		{208F718E-63B3-45E4-AD99-3F6EF6C66850}.Release|Any CPU.ActiveCfg = Release|Any CPU
		{208F718E-63B3-45E4-AD99-3F6EF6C66850}.Release|Any CPU.Build.0 = Release|Any CPU
	EndGlobalSection
	GlobalSection(SolutionProperties) = preSolution
		HideSolutionNode = FALSE
	EndGlobalSection
	GlobalSection(ExtensibilityGlobals) = postSolution
		SolutionGuid = {11197AB5-1A63-4AE3-8051-A74DD69D7FB9}
	EndGlobalSection
EndGlobal
